<Solution>
  <Project Path="BusinessLogic/BusinessLogic.csproj" Id="16348a85-9817-48e1-b972-cbe812d29281" />
  <Project Path="BusinessObject/BusinessObject.csproj" Id="1722ef36-74b0-4a4b-aae6-e63c168f5c69" />
  <Project Path="DataAccess/DataAccess.csproj" Id="4108c43b-e5ee-4993-b38f-a7d28d496ea7" />
  <Project Path="Web/Web.csproj" />
</Solution>
